
Microsoft Visual Studio Solution File, Format Version 12.00
# Visual Studio Version 16
VisualStudioVersion = 16.0.32228.343
MinimumVisualStudioVersion = 10.0.40219.1
Project("{FAE04EC0-301F-11D3-BF4B-00C04F79EFBC}") = "WindowsFormsApp_packman", "WindowsFormsApp_packman\WindowsFormsApp_packman.csproj", "{BC89E634-16BD-4934-9F1A-903AC371B74F}"
EndProject
Global
	GlobalSection(SolutionConfigurationPlatforms) = preSolution
		Debug|Any CPU = Debug|Any CPU
		Release|Any CPU = Release|Any CPU
	EndGlobalSection
	GlobalSection(ProjectConfigurationPlatforms) = postSolution
		{BC89E634-16BD-4934-9F1A-903AC371B74F}.Debug|Any CPU.ActiveCfg = Debug|Any CPU
		{BC89E634-16BD-4934-9F1A-903AC371B74F}.Debug|Any CPU.Build.0 = Debug|Any CPU
		{BC89E634-16BD-4934-9F1A-903AC371B74F}.Release|Any CPU.ActiveCfg = Release|Any CPU
		{BC89E634-16BD-4934-9F1A-903AC371B74F}.Release|Any CPU.Build.0 = Release|Any CPU
	EndGlobalSection
	GlobalSection(SolutionProperties) = preSolution
		HideSolutionNode = FALSE
	EndGlobalSection
	GlobalSection(ExtensibilityGlobals) = postSolution
		SolutionGuid = {F4386046-D8BA-4D10-89AF-1488F5979A3B}
	EndGlobalSection
EndGlobal
